
Microsoft Visual Studio Solution File, Format Version 12.00
# Visual Studio 15
VisualStudioVersion = 15.0.28307.106
MinimumVisualStudioVersion = 10.0.40219.1
Project("{FAE04EC0-301F-11D3-BF4B-00C04F79EFBC}") = "webapp", "webapp\webapp.csproj", "{CA913E50-B661-4203-8281-03AA9CD64597}"
EndProject
Global
	GlobalSection(SolutionConfigurationPlatforms) = preSolution
		Debug|Any CPU = Debug|Any CPU
		Release|Any CPU = Release|Any CPU
	EndGlobalSection
	GlobalSection(ProjectConfigurationPlatforms) = postSolution
		{CA913E50-B661-4203-8281-03AA9CD64597}.Debug|Any CPU.ActiveCfg = Debug|Any CPU
		{CA913E50-B661-4203-8281-03AA9CD64597}.Debug|Any CPU.Build.0 = Debug|Any CPU
		{CA913E50-B661-4203-8281-03AA9CD64597}.Release|Any CPU.ActiveCfg = Release|Any CPU
		{CA913E50-B661-4203-8281-03AA9CD64597}.Release|Any CPU.Build.0 = Release|Any CPU
	EndGlobalSection
	GlobalSection(SolutionProperties) = preSolution
		HideSolutionNode = FALSE
	EndGlobalSection
	GlobalSection(ExtensibilityGlobals) = postSolution
		SolutionGuid = {36E2EE9C-11A6-420D-B496-696B3F697587}
	EndGlobalSection
EndGlobal
